
Microsoft Visual Studio Solution File, Format Version 12.00
# Visual Studio 15
Project("{FAE04EC0-301F-11D3-BF4B-00C04F79EFBC}") = "Assembly-CSharp", "Assembly-CSharp.csproj", "{3722BCF4-4F23-5EBC-182C-3BCA9B64707F}"
EndProject
Project("{FAE04EC0-301F-11D3-BF4B-00C04F79EFBC}") = "VuforiaScripts", "VuforiaScripts.csproj", "{A2A792ED-301A-623C-96B6-67136307C401}"
EndProject
Project("{FAE04EC0-301F-11D3-BF4B-00C04F79EFBC}") = "VuforiaEditorScripts", "VuforiaEditorScripts.csproj", "{EC54BA38-246E-0B48-15BE-282E90E4BFB2}"
EndProject
Global
	GlobalSection(SolutionConfigurationPlatforms) = preSolution
		Debug|Any CPU = Debug|Any CPU
		Release|Any CPU = Release|Any CPU
	EndGlobalSection
	GlobalSection(ProjectConfigurationPlatforms) = postSolution
		{3722BCF4-4F23-5EBC-182C-3BCA9B64707F}.Debug|Any CPU.ActiveCfg = Debug|Any CPU
		{3722BCF4-4F23-5EBC-182C-3BCA9B64707F}.Debug|Any CPU.Build.0 = Debug|Any CPU
		{3722BCF4-4F23-5EBC-182C-3BCA9B64707F}.Release|Any CPU.ActiveCfg = Release|Any CPU
		{3722BCF4-4F23-5EBC-182C-3BCA9B64707F}.Release|Any CPU.Build.0 = Release|Any CPU
		{A2A792ED-301A-623C-96B6-67136307C401}.Debug|Any CPU.ActiveCfg = Debug|Any CPU
		{A2A792ED-301A-623C-96B6-67136307C401}.Debug|Any CPU.Build.0 = Debug|Any CPU
		{A2A792ED-301A-623C-96B6-67136307C401}.Release|Any CPU.ActiveCfg = Release|Any CPU
		{A2A792ED-301A-623C-96B6-67136307C401}.Release|Any CPU.Build.0 = Release|Any CPU
		{EC54BA38-246E-0B48-15BE-282E90E4BFB2}.Debug|Any CPU.ActiveCfg = Debug|Any CPU
		{EC54BA38-246E-0B48-15BE-282E90E4BFB2}.Debug|Any CPU.Build.0 = Debug|Any CPU
		{EC54BA38-246E-0B48-15BE-282E90E4BFB2}.Release|Any CPU.ActiveCfg = Release|Any CPU
		{EC54BA38-246E-0B48-15BE-282E90E4BFB2}.Release|Any CPU.Build.0 = Release|Any CPU
	EndGlobalSection
	GlobalSection(SolutionProperties) = preSolution
		HideSolutionNode = FALSE
	EndGlobalSection
EndGlobal
